
Microsoft Visual Studio Solution File, Format Version 12.00
# Visual Studio Version 16
VisualStudioVersion = 16.0.29509.3
MinimumVisualStudioVersion = 10.0.40219.1
Project("{FAE04EC0-301F-11D3-BF4B-00C04F79EFBC}") = "ConsoleAppLambda", "ConsoleAppLambda\ConsoleAppLambda.csproj", "{C040318F-32DC-443F-B686-79C5A98E5B8C}"
EndProject
Global
	GlobalSection(SolutionConfigurationPlatforms) = preSolution
		Debug|Any CPU = Debug|Any CPU
		Release|Any CPU = Release|Any CPU
	EndGlobalSection
	GlobalSection(ProjectConfigurationPlatforms) = postSolution
		{C040318F-32DC-443F-B686-79C5A98E5B8C}.Debug|Any CPU.ActiveCfg = Debug|Any CPU
		{C040318F-32DC-443F-B686-79C5A98E5B8C}.Debug|Any CPU.Build.0 = Debug|Any CPU
		{C040318F-32DC-443F-B686-79C5A98E5B8C}.Release|Any CPU.ActiveCfg = Release|Any CPU
		{C040318F-32DC-443F-B686-79C5A98E5B8C}.Release|Any CPU.Build.0 = Release|Any CPU
	EndGlobalSection
	GlobalSection(SolutionProperties) = preSolution
		HideSolutionNode = FALSE
	EndGlobalSection
	GlobalSection(ExtensibilityGlobals) = postSolution
		SolutionGuid = {0A141535-399C-4E44-98BF-1BF2CBBC31B1}
	EndGlobalSection
EndGlobal
